
Microsoft Visual Studio Solution File, Format Version 11.00
# Visual Studio 2010
Project("{FAE04EC0-301F-11D3-BF4B-00C04F79EFBC}") = "Assembly-CSharp", "Assembly-CSharp.csproj", "{9443d912-f63f-98bd-054d-1fc69ab5e98c}"
EndProject
Project("{FAE04EC0-301F-11D3-BF4B-00C04F79EFBC}") = "Assembly-CSharp-firstpass", "Assembly-CSharp-firstpass.csproj", "{fa311919-063f-6fce-f82c-3a33f020da3c}"
EndProject
Global
	GlobalSection(SolutionConfigurationPlatforms) = preSolution
		Debug|Any CPU = Debug|Any CPU
	EndGlobalSection
	GlobalSection(ProjectConfigurationPlatforms) = postSolution
		{9443d912-f63f-98bd-054d-1fc69ab5e98c}.Debug|Any CPU.ActiveCfg = Debug|Any CPU
		{9443d912-f63f-98bd-054d-1fc69ab5e98c}.Debug|Any CPU.Build.0 = Debug|Any CPU
		{fa311919-063f-6fce-f82c-3a33f020da3c}.Debug|Any CPU.ActiveCfg = Debug|Any CPU
		{fa311919-063f-6fce-f82c-3a33f020da3c}.Debug|Any CPU.Build.0 = Debug|Any CPU
	EndGlobalSection
	GlobalSection(SolutionProperties) = preSolution
		HideSolutionNode = FALSE
	EndGlobalSection
EndGlobal
